
Microsoft Visual Studio Solution File, Format Version 12.00
# Visual Studio Version 17
VisualStudioVersion = 17.9.34728.123
MinimumVisualStudioVersion = 10.0.40219.1
Project("{FAE04EC0-301F-11D3-BF4B-00C04F79EFBC}") = "Rapido", "Rapido\Rapido.csproj", "{3201BA81-67F6-432C-9320-430764E392ED}"
EndProject
Global
	GlobalSection(SolutionConfigurationPlatforms) = preSolution
		Debug|Any CPU = Debug|Any CPU
		Release|Any CPU = Release|Any CPU
	EndGlobalSection
	GlobalSection(ProjectConfigurationPlatforms) = postSolution
		{3201BA81-67F6-432C-9320-430764E392ED}.Debug|Any CPU.ActiveCfg = Debug|Any CPU
		{3201BA81-67F6-432C-9320-430764E392ED}.Debug|Any CPU.Build.0 = Debug|Any CPU
		{3201BA81-67F6-432C-9320-430764E392ED}.Release|Any CPU.ActiveCfg = Release|Any CPU
		{3201BA81-67F6-432C-9320-430764E392ED}.Release|Any CPU.Build.0 = Release|Any CPU
	EndGlobalSection
	GlobalSection(SolutionProperties) = preSolution
		HideSolutionNode = FALSE
	EndGlobalSection
	GlobalSection(ExtensibilityGlobals) = postSolution
		SolutionGuid = {B62BCB58-EBFF-4D0A-B547-B3AF83EE300B}
	EndGlobalSection
EndGlobal
